
Microsoft Visual Studio Solution File, Format Version 12.00
# Visual Studio 15
VisualStudioVersion = 15.0.27130.2036
MinimumVisualStudioVersion = 10.0.40219.1
Project("{2150E333-8FDC-42A3-9474-1A3956D46DE8}") = "Lab01", "Lab01", "{E275635B-5368-4D7C-91CE-6A2F65925D17}"
EndProject
Project("{FAE04EC0-301F-11D3-BF4B-00C04F79EFBC}") = "Lab01", "Lab01\Lab01.csproj", "{99E3E07A-9BF8-4378-A2CB-E0FEE5B045D6}"
EndProject
Global
	GlobalSection(SolutionConfigurationPlatforms) = preSolution
		Debug|Any CPU = Debug|Any CPU
		Release|Any CPU = Release|Any CPU
	EndGlobalSection
	GlobalSection(ProjectConfigurationPlatforms) = postSolution
		{99E3E07A-9BF8-4378-A2CB-E0FEE5B045D6}.Debug|Any CPU.ActiveCfg = Debug|Any CPU
		{99E3E07A-9BF8-4378-A2CB-E0FEE5B045D6}.Debug|Any CPU.Build.0 = Debug|Any CPU
		{99E3E07A-9BF8-4378-A2CB-E0FEE5B045D6}.Release|Any CPU.ActiveCfg = Release|Any CPU
		{99E3E07A-9BF8-4378-A2CB-E0FEE5B045D6}.Release|Any CPU.Build.0 = Release|Any CPU
	EndGlobalSection
	GlobalSection(SolutionProperties) = preSolution
		HideSolutionNode = FALSE
	EndGlobalSection
	GlobalSection(NestedProjects) = preSolution
		{99E3E07A-9BF8-4378-A2CB-E0FEE5B045D6} = {E275635B-5368-4D7C-91CE-6A2F65925D17}
	EndGlobalSection
	GlobalSection(ExtensibilityGlobals) = postSolution
		SolutionGuid = {F6BBCE16-8DD1-45B1-AE4D-F62392B755AD}
	EndGlobalSection
EndGlobal
